{
  "version": "3",
  "packages": {
    "specifiers": {
      "jsr:@std/fs@^1.0.0": "jsr:@std/fs@1.0.0",
      "jsr:@std/path@^1.0.2": "jsr:@std/path@1.0.2"
    },
    "jsr": {
      "@std/fs@1.0.0": {
        "integrity": "d72e4a125af7168d717a2ed1dca77a728b422b0d138fd20579e3fa41a77da943",
        "dependencies": [
          "jsr:@std/path@^1.0.2"
        ]
      },
      "@std/path@1.0.2": {
        "integrity": "a452174603f8c620bd278a380c596437a9eef50c891c64b85812f735245d9ec7"
      }
    }
  },
  "remote": {},
  "workspace": {
    "dependencies": [
      "jsr:@std/fs@^1.0.0",
      "jsr:@std/path@^1.0.2"
    ]
  }
}
